
Microsoft Visual Studio Solution File, Format Version 12.00
# Visual Studio Version 16
VisualStudioVersion = 16.0.31727.386
MinimumVisualStudioVersion = 10.0.40219.1
Project("{FAE04EC0-301F-11D3-BF4B-00C04F79EFBC}") = "Testing6", "Testing6.csproj", "{E3E632E3-52A3-4169-A4A8-CB1C63F91BA2}"
EndProject
Global
	GlobalSection(SolutionConfigurationPlatforms) = preSolution
		Debug|Any CPU = Debug|Any CPU
		Release|Any CPU = Release|Any CPU
	EndGlobalSection
	GlobalSection(ProjectConfigurationPlatforms) = postSolution
		{E3E632E3-52A3-4169-A4A8-CB1C63F91BA2}.Debug|Any CPU.ActiveCfg = Debug|Any CPU
		{E3E632E3-52A3-4169-A4A8-CB1C63F91BA2}.Debug|Any CPU.Build.0 = Debug|Any CPU
		{E3E632E3-52A3-4169-A4A8-CB1C63F91BA2}.Release|Any CPU.ActiveCfg = Release|Any CPU
		{E3E632E3-52A3-4169-A4A8-CB1C63F91BA2}.Release|Any CPU.Build.0 = Release|Any CPU
	EndGlobalSection
	GlobalSection(SolutionProperties) = preSolution
		HideSolutionNode = FALSE
	EndGlobalSection
	GlobalSection(ExtensibilityGlobals) = postSolution
		SolutionGuid = {2889C4A6-6475-49D3-BC23-49432D55AE71}
	EndGlobalSection
EndGlobal
