
Microsoft Visual Studio Solution File, Format Version 12.00
# Visual Studio Version 16
VisualStudioVersion = 16.0.31727.386
MinimumVisualStudioVersion = 10.0.40219.1
Project("{FAE04EC0-301F-11D3-BF4B-00C04F79EFBC}") = "Testing10.11", "Testing10.11.csproj", "{8B5B53C4-3D09-4E1A-9D28-643E79DA9648}"
EndProject
Global
	GlobalSection(SolutionConfigurationPlatforms) = preSolution
		Debug|Any CPU = Debug|Any CPU
		Release|Any CPU = Release|Any CPU
	EndGlobalSection
	GlobalSection(ProjectConfigurationPlatforms) = postSolution
		{8B5B53C4-3D09-4E1A-9D28-643E79DA9648}.Debug|Any CPU.ActiveCfg = Debug|Any CPU
		{8B5B53C4-3D09-4E1A-9D28-643E79DA9648}.Debug|Any CPU.Build.0 = Debug|Any CPU
		{8B5B53C4-3D09-4E1A-9D28-643E79DA9648}.Release|Any CPU.ActiveCfg = Release|Any CPU
		{8B5B53C4-3D09-4E1A-9D28-643E79DA9648}.Release|Any CPU.Build.0 = Release|Any CPU
	EndGlobalSection
	GlobalSection(SolutionProperties) = preSolution
		HideSolutionNode = FALSE
	EndGlobalSection
	GlobalSection(ExtensibilityGlobals) = postSolution
		SolutionGuid = {880F8B95-FE69-4D3C-9BB8-251D751FAFE3}
	EndGlobalSection
EndGlobal
